PODS:
  - Alamofire (5.2.2)
  - ObjectMapper (4.2.0)
  - ProgressHUD (13.4)

DEPENDENCIES:
  - Alamofire
  - ObjectMapper
  - ProgressHUD

SPEC REPOS:
  trunk:
    - Alamofire
    - ObjectMapper
    - ProgressHUD

SPEC CHECKSUMS:
  Alamofire: 814429acc853c6c54ff123fc3d2ef66803823ce0
  ObjectMapper: 1eb41f610210777375fa806bf161dc39fb832b81
  ProgressHUD: 137a7fc677487c5581668f4490563124fb35c232

PODFILE CHECKSUM: 44fc7f8d34aedd7f642fb3f37edb2f34b8e0fcd1

COCOAPODS: 1.9.3
