// !$*UTF8*$!
{
	archiveVersion = 1;
	classes = {
	};
	objectVersion = 50;
	objects = {

/* Begin PBXBuildFile section */
		40177FD8251C910200769BD5 /* AppDelegate.swift in Sources */ = {isa = PBXBuildFile; fileRef = 40177FD7251C910200769BD5 /* AppDelegate.swift */; };
		40177FE1251C910200769BD5 /* Assets.xcassets in Resources */ = {isa = PBXBuildFile; fileRef = 40177FE0251C910200769BD5 /* Assets.xcassets */; };
		40177FE4251C910200769BD5 /* LaunchScreen.storyboard in Resources */ = {isa = PBXBuildFile; fileRef = 40177FE2251C910200769BD5 /* LaunchScreen.storyboard */; };
		40177FFD251C95AD00769BD5 /* Coordinator.swift in Sources */ = {isa = PBXBuildFile; fileRef = 40177FFC251C95AD00769BD5 /* Coordinator.swift */; };
		40178002251C99F000769BD5 /* Tabbar.storyboard in Resources */ = {isa = PBXBuildFile; fileRef = 40178001251C99F000769BD5 /* Tabbar.storyboard */; };
		4017800F251CA40700769BD5 /* TabBarController.swift in Sources */ = {isa = PBXBuildFile; fileRef = 4017800E251CA40700769BD5 /* TabBarController.swift */; };
		40178012251CA4A000769BD5 /* TabBarPresenter.swift in Sources */ = {isa = PBXBuildFile; fileRef = 40178011251CA4A000769BD5 /* TabBarPresenter.swift */; };
		40178015251CA4BA00769BD5 /* MainCoordinator.swift in Sources */ = {isa = PBXBuildFile; fileRef = 40178014251CA4BA00769BD5 /* MainCoordinator.swift */; };
		4017801D251CA6AA00769BD5 /* Storyboarded.swift in Sources */ = {isa = PBXBuildFile; fileRef = 4017801C251CA6AA00769BD5 /* Storyboarded.swift */; };
		40178025251CAA5800769BD5 /* AppCoordinator.swift in Sources */ = {isa = PBXBuildFile; fileRef = 40178024251CAA5800769BD5 /* AppCoordinator.swift */; };
		403A24FD25207093006EEE6C /* TabBarFlowFactory.swift in Sources */ = {isa = PBXBuildFile; fileRef = 403A24FC25207093006EEE6C /* TabBarFlowFactory.swift */; };
		403A250D252083A9006EEE6C /* BaseController.swift in Sources */ = {isa = PBXBuildFile; fileRef = 403A250C252083A9006EEE6C /* BaseController.swift */; };
		404B897A251CB5C1008AF0C6 /* NewsList.storyboard in Resources */ = {isa = PBXBuildFile; fileRef = 404B8979251CB5C1008AF0C6 /* NewsList.storyboard */; };
		404B8983251CB62D008AF0C6 /* NewsCell.swift in Sources */ = {isa = PBXBuildFile; fileRef = 404B8982251CB62D008AF0C6 /* NewsCell.swift */; };
		404B8986251CB647008AF0C6 /* NewsListCoordinator.swift in Sources */ = {isa = PBXBuildFile; fileRef = 404B8985251CB647008AF0C6 /* NewsListCoordinator.swift */; };
		404B8989251CB78F008AF0C6 /* NewsListPresenter.swift in Sources */ = {isa = PBXBuildFile; fileRef = 404B8988251CB78F008AF0C6 /* NewsListPresenter.swift */; };
		404B898C251CB7C3008AF0C6 /* NewsListController.swift in Sources */ = {isa = PBXBuildFile; fileRef = 404B898B251CB7C3008AF0C6 /* NewsListController.swift */; };
		404B8993251CBA79008AF0C6 /* News.xcdatamodeld in Sources */ = {isa = PBXBuildFile; fileRef = 404B8991251CBA79008AF0C6 /* News.xcdatamodeld */; };
		404B8996251CBE61008AF0C6 /* News.swift in Sources */ = {isa = PBXBuildFile; fileRef = 404B8995251CBE61008AF0C6 /* News.swift */; };
		404B899A251CC1E4008AF0C6 /* FavoritesFactory.swift in Sources */ = {isa = PBXBuildFile; fileRef = 404B8999251CC1E4008AF0C6 /* FavoritesFactory.swift */; };
		404B899D251CC2C9008AF0C6 /* Storage.swift in Sources */ = {isa = PBXBuildFile; fileRef = 404B899C251CC2C9008AF0C6 /* Storage.swift */; };
		404B89AB251CC556008AF0C6 /* NYTNews.swift in Sources */ = {isa = PBXBuildFile; fileRef = 404B89AA251CC556008AF0C6 /* NYTNews.swift */; };
		404B89AF251CC5CE008AF0C6 /* Favorite+CoreDataClass.swift in Sources */ = {isa = PBXBuildFile; fileRef = 404B89AD251CC5CE008AF0C6 /* Favorite+CoreDataClass.swift */; };
		404B89B0251CC5CE008AF0C6 /* Favorite+CoreDataProperties.swift in Sources */ = {isa = PBXBuildFile; fileRef = 404B89AE251CC5CE008AF0C6 /* Favorite+CoreDataProperties.swift */; };
		404B89B9251CC78D008AF0C6 /* JsonParser.swift in Sources */ = {isa = PBXBuildFile; fileRef = 404B89B8251CC78D008AF0C6 /* JsonParser.swift */; };
		404B89BD251CC81D008AF0C6 /* Closures.swift in Sources */ = {isa = PBXBuildFile; fileRef = 404B89BC251CC81D008AF0C6 /* Closures.swift */; };
		404B89C0251CC899008AF0C6 /* APIClient.swift in Sources */ = {isa = PBXBuildFile; fileRef = 404B89BF251CC899008AF0C6 /* APIClient.swift */; };
		404B89C6251CCB41008AF0C6 /* NewsApi.swift in Sources */ = {isa = PBXBuildFile; fileRef = 404B89C5251CCB41008AF0C6 /* NewsApi.swift */; };
		404B89CA251CCC62008AF0C6 /* MostViewedClient.swift in Sources */ = {isa = PBXBuildFile; fileRef = 404B89C9251CCC62008AF0C6 /* MostViewedClient.swift */; };
		404B89CD251CCC6E008AF0C6 /* MostSharedClient.swift in Sources */ = {isa = PBXBuildFile; fileRef = 404B89CC251CCC6E008AF0C6 /* MostSharedClient.swift */; };
		404B89D0251CCC79008AF0C6 /* MostEmailedClient.swift in Sources */ = {isa = PBXBuildFile; fileRef = 404B89CF251CCC79008AF0C6 /* MostEmailedClient.swift */; };
		404B89D3251CD086008AF0C6 /* DateHelper.swift in Sources */ = {isa = PBXBuildFile; fileRef = 404B89D2251CD086008AF0C6 /* DateHelper.swift */; };
		404B89D6251CD49B008AF0C6 /* ApiParams.swift in Sources */ = {isa = PBXBuildFile; fileRef = 404B89D5251CD49B008AF0C6 /* ApiParams.swift */; };
		404B89DA251DC22F008AF0C6 /* Database.swift in Sources */ = {isa = PBXBuildFile; fileRef = 404B89D9251DC22F008AF0C6 /* Database.swift */; };
		404B89DD251DC241008AF0C6 /* CoreDataStorage.swift in Sources */ = {isa = PBXBuildFile; fileRef = 404B89DC251DC241008AF0C6 /* CoreDataStorage.swift */; };
		404B89E0251DC251008AF0C6 /* DatabaseClient.swift in Sources */ = {isa = PBXBuildFile; fileRef = 404B89DF251DC251008AF0C6 /* DatabaseClient.swift */; };
		405CB200251E2222006D23AB /* Favorites.storyboard in Resources */ = {isa = PBXBuildFile; fileRef = 405CB1FF251E2222006D23AB /* Favorites.storyboard */; };
		405CB203251E2234006D23AB /* FavoritesController.swift in Sources */ = {isa = PBXBuildFile; fileRef = 405CB202251E2234006D23AB /* FavoritesController.swift */; };
		405CB206251E2265006D23AB /* FavoritesPresenter.swift in Sources */ = {isa = PBXBuildFile; fileRef = 405CB205251E2265006D23AB /* FavoritesPresenter.swift */; };
		405CB20A251E2726006D23AB /* NewsCell.xib in Resources */ = {isa = PBXBuildFile; fileRef = 405CB209251E2726006D23AB /* NewsCell.xib */; };
		405CB20D251E27C1006D23AB /* NewsDetailedController.swift in Sources */ = {isa = PBXBuildFile; fileRef = 405CB20C251E27C1006D23AB /* NewsDetailedController.swift */; };
		405CB210251E284A006D23AB /* NewsDetailedPresenter.swift in Sources */ = {isa = PBXBuildFile; fileRef = 405CB20F251E284A006D23AB /* NewsDetailedPresenter.swift */; };
		405CB21325206C38006D23AB /* MainFlowFactory.swift in Sources */ = {isa = PBXBuildFile; fileRef = 405CB21225206C38006D23AB /* MainFlowFactory.swift */; };
		674BEE5C29053099564BADC2 /* libPods-nytimesnews.a in Frameworks */ = {isa = PBXBuildFile; fileRef = 5B053E291C68B53C77C8B5D2 /* libPods-nytimesnews.a */; };
/* End PBXBuildFile section */

/* Begin PBXFileReference section */
		40177FD4251C910200769BD5 /* nytimesnews.app */ = {isa = PBXFileReference; explicitFileType = wrapper.application; includeInIndex = 0; path = nytimesnews.app; sourceTree = BUILT_PRODUCTS_DIR; };
		40177FD7251C910200769BD5 /* AppDelegate.swift */ = {isa = PBXFileReference; lastKnownFileType = sourcecode.swift; path = AppDelegate.swift; sourceTree = "<group>"; };
		40177FE0251C910200769BD5 /* Assets.xcassets */ = {isa = PBXFileReference; lastKnownFileType = folder.assetcatalog; path = Assets.xcassets; sourceTree = "<group>"; };
		40177FE3251C910200769BD5 /* Base */ = {isa = PBXFileReference; lastKnownFileType = file.storyboard; name = Base; path = Base.lproj/LaunchScreen.storyboard; sourceTree = "<group>"; };
		40177FE5251C910200769BD5 /* Info.plist */ = {isa = PBXFileReference; lastKnownFileType = text.plist.xml; path = Info.plist; sourceTree = "<group>"; };
		40177FFC251C95AD00769BD5 /* Coordinator.swift */ = {isa = PBXFileReference; fileEncoding = 4; lastKnownFileType = sourcecode.swift; path = Coordinator.swift; sourceTree = "<group>"; };
		40178001251C99F000769BD5 /* Tabbar.storyboard */ = {isa = PBXFileReference; lastKnownFileType = file.storyboard; path = Tabbar.storyboard; sourceTree = "<group>"; };
		4017800E251CA40700769BD5 /* TabBarController.swift */ = {isa = PBXFileReference; lastKnownFileType = sourcecode.swift; path = TabBarController.swift; sourceTree = "<group>"; };
		40178011251CA4A000769BD5 /* TabBarPresenter.swift */ = {isa = PBXFileReference; lastKnownFileType = sourcecode.swift; path = TabBarPresenter.swift; sourceTree = "<group>"; };
		40178014251CA4BA00769BD5 /* MainCoordinator.swift */ = {isa = PBXFileReference; lastKnownFileType = sourcecode.swift; path = MainCoordinator.swift; sourceTree = "<group>"; };
		4017801C251CA6AA00769BD5 /* Storyboarded.swift */ = {isa = PBXFileReference; lastKnownFileType = sourcecode.swift; path = Storyboarded.swift; sourceTree = "<group>"; };
		40178024251CAA5800769BD5 /* AppCoordinator.swift */ = {isa = PBXFileReference; lastKnownFileType = sourcecode.swift; path = AppCoordinator.swift; sourceTree = "<group>"; };
		403A24FC25207093006EEE6C /* TabBarFlowFactory.swift */ = {isa = PBXFileReference; lastKnownFileType = sourcecode.swift; path = TabBarFlowFactory.swift; sourceTree = "<group>"; };
		403A250C252083A9006EEE6C /* BaseController.swift */ = {isa = PBXFileReference; lastKnownFileType = sourcecode.swift; path = BaseController.swift; sourceTree = "<group>"; };
		404B8979251CB5C1008AF0C6 /* NewsList.storyboard */ = {isa = PBXFileReference; lastKnownFileType = file.storyboard; path = NewsList.storyboard; sourceTree = "<group>"; };
		404B8982251CB62D008AF0C6 /* NewsCell.swift */ = {isa = PBXFileReference; lastKnownFileType = sourcecode.swift; path = NewsCell.swift; sourceTree = "<group>"; };
		404B8985251CB647008AF0C6 /* NewsListCoordinator.swift */ = {isa = PBXFileReference; lastKnownFileType = sourcecode.swift; path = NewsListCoordinator.swift; sourceTree = "<group>"; };
		404B8988251CB78F008AF0C6 /* NewsListPresenter.swift */ = {isa = PBXFileReference; lastKnownFileType = sourcecode.swift; path = NewsListPresenter.swift; sourceTree = "<group>"; };
		404B898B251CB7C3008AF0C6 /* NewsListController.swift */ = {isa = PBXFileReference; lastKnownFileType = sourcecode.swift; path = NewsListController.swift; sourceTree = "<group>"; };
		404B8992251CBA79008AF0C6 /* News.xcdatamodel */ = {isa = PBXFileReference; lastKnownFileType = wrapper.xcdatamodel; path = News.xcdatamodel; sourceTree = "<group>"; };
		404B8995251CBE61008AF0C6 /* News.swift */ = {isa = PBXFileReference; lastKnownFileType = sourcecode.swift; path = News.swift; sourceTree = "<group>"; };
		404B8999251CC1E4008AF0C6 /* FavoritesFactory.swift */ = {isa = PBXFileReference; lastKnownFileType = sourcecode.swift; path = FavoritesFactory.swift; sourceTree = "<group>"; };
		404B899C251CC2C9008AF0C6 /* Storage.swift */ = {isa = PBXFileReference; lastKnownFileType = sourcecode.swift; path = Storage.swift; sourceTree = "<group>"; };
		404B89AA251CC556008AF0C6 /* NYTNews.swift */ = {isa = PBXFileReference; lastKnownFileType = sourcecode.swift; path = NYTNews.swift; sourceTree = "<group>"; };
		404B89AD251CC5CE008AF0C6 /* Favorite+CoreDataClass.swift */ = {isa = PBXFileReference; fileEncoding = 4; lastKnownFileType = sourcecode.swift; path = "Favorite+CoreDataClass.swift"; sourceTree = "<group>"; };
		404B89AE251CC5CE008AF0C6 /* Favorite+CoreDataProperties.swift */ = {isa = PBXFileReference; fileEncoding = 4; lastKnownFileType = sourcecode.swift; path = "Favorite+CoreDataProperties.swift"; sourceTree = "<group>"; };
		404B89B8251CC78D008AF0C6 /* JsonParser.swift */ = {isa = PBXFileReference; fileEncoding = 4; lastKnownFileType = sourcecode.swift; path = JsonParser.swift; sourceTree = "<group>"; };
		404B89BC251CC81D008AF0C6 /* Closures.swift */ = {isa = PBXFileReference; fileEncoding = 4; lastKnownFileType = sourcecode.swift; path = Closures.swift; sourceTree = "<group>"; };
		404B89BF251CC899008AF0C6 /* APIClient.swift */ = {isa = PBXFileReference; fileEncoding = 4; lastKnownFileType = sourcecode.swift; path = APIClient.swift; sourceTree = "<group>"; };
		404B89C5251CCB41008AF0C6 /* NewsApi.swift */ = {isa = PBXFileReference; lastKnownFileType = sourcecode.swift; path = NewsApi.swift; sourceTree = "<group>"; };
		404B89C9251CCC62008AF0C6 /* MostViewedClient.swift */ = {isa = PBXFileReference; lastKnownFileType = sourcecode.swift; path = MostViewedClient.swift; sourceTree = "<group>"; };
		404B89CC251CCC6E008AF0C6 /* MostSharedClient.swift */ = {isa = PBXFileReference; lastKnownFileType = sourcecode.swift; path = MostSharedClient.swift; sourceTree = "<group>"; };
		404B89CF251CCC79008AF0C6 /* MostEmailedClient.swift */ = {isa = PBXFileReference; lastKnownFileType = sourcecode.swift; path = MostEmailedClient.swift; sourceTree = "<group>"; };
		404B89D2251CD086008AF0C6 /* DateHelper.swift */ = {isa = PBXFileReference; lastKnownFileType = sourcecode.swift; path = DateHelper.swift; sourceTree = "<group>"; };
		404B89D5251CD49B008AF0C6 /* ApiParams.swift */ = {isa = PBXFileReference; lastKnownFileType = sourcecode.swift; path = ApiParams.swift; sourceTree = "<group>"; };
		404B89D9251DC22F008AF0C6 /* Database.swift */ = {isa = PBXFileReference; lastKnownFileType = sourcecode.swift; path = Database.swift; sourceTree = "<group>"; };
		404B89DC251DC241008AF0C6 /* CoreDataStorage.swift */ = {isa = PBXFileReference; lastKnownFileType = sourcecode.swift; path = CoreDataStorage.swift; sourceTree = "<group>"; };
		404B89DF251DC251008AF0C6 /* DatabaseClient.swift */ = {isa = PBXFileReference; lastKnownFileType = sourcecode.swift; path = DatabaseClient.swift; sourceTree = "<group>"; };
		405CB1FF251E2222006D23AB /* Favorites.storyboard */ = {isa = PBXFileReference; lastKnownFileType = file.storyboard; path = Favorites.storyboard; sourceTree = "<group>"; };
		405CB202251E2234006D23AB /* FavoritesController.swift */ = {isa = PBXFileReference; lastKnownFileType = sourcecode.swift; path = FavoritesController.swift; sourceTree = "<group>"; };
		405CB205251E2265006D23AB /* FavoritesPresenter.swift */ = {isa = PBXFileReference; lastKnownFileType = sourcecode.swift; path = FavoritesPresenter.swift; sourceTree = "<group>"; };
		405CB209251E2726006D23AB /* NewsCell.xib */ = {isa = PBXFileReference; lastKnownFileType = file.xib; path = NewsCell.xib; sourceTree = "<group>"; };
		405CB20C251E27C1006D23AB /* NewsDetailedController.swift */ = {isa = PBXFileReference; lastKnownFileType = sourcecode.swift; path = NewsDetailedController.swift; sourceTree = "<group>"; };
		405CB20F251E284A006D23AB /* NewsDetailedPresenter.swift */ = {isa = PBXFileReference; lastKnownFileType = sourcecode.swift; path = NewsDetailedPresenter.swift; sourceTree = "<group>"; };
		405CB21225206C38006D23AB /* MainFlowFactory.swift */ = {isa = PBXFileReference; lastKnownFileType = sourcecode.swift; path = MainFlowFactory.swift; sourceTree = "<group>"; };
		5B053E291C68B53C77C8B5D2 /* libPods-nytimesnews.a */ = {isa = PBXFileReference; explicitFileType = archive.ar; includeInIndex = 0; path = "libPods-nytimesnews.a"; sourceTree = BUILT_PRODUCTS_DIR; };
		954D9C9258268B9A2B746085 /* Pods-nytimesnews.release.xcconfig */ = {isa = PBXFileReference; includeInIndex = 1; lastKnownFileType = text.xcconfig; name = "Pods-nytimesnews.release.xcconfig"; path = "Target Support Files/Pods-nytimesnews/Pods-nytimesnews.release.xcconfig"; sourceTree = "<group>"; };
		CE872407860B0BB53055AC64 /* Pods-nytimesnews.debug.xcconfig */ = {isa = PBXFileReference; includeInIndex = 1; lastKnownFileType = text.xcconfig; name = "Pods-nytimesnews.debug.xcconfig"; path = "Target Support Files/Pods-nytimesnews/Pods-nytimesnews.debug.xcconfig"; sourceTree = "<group>"; };
/* End PBXFileReference section */

/* Begin PBXFrameworksBuildPhase section */
		40177FD1251C910200769BD5 /* Frameworks */ = {
			isa = PBXFrameworksBuildPhase;
			buildActionMask = 2147483647;
			files = (
				674BEE5C29053099564BADC2 /* libPods-nytimesnews.a in Frameworks */,
			);
			runOnlyForDeploymentPostprocessing = 0;
		};
/* End PBXFrameworksBuildPhase section */

/* Begin PBXGroup section */
		40177FCB251C910200769BD5 = {
			isa = PBXGroup;
			children = (
				40177FD6251C910200769BD5 /* nytimesnews */,
				40177FD5251C910200769BD5 /* Products */,
				6B4210599B769B9F571739C3 /* Pods */,
				6A247752BF7A7B9056CD754E /* Frameworks */,
			);
			sourceTree = "<group>";
		};
		40177FD5251C910200769BD5 /* Products */ = {
			isa = PBXGroup;
			children = (
				40177FD4251C910200769BD5 /* nytimesnews.app */,
			);
			name = Products;
			sourceTree = "<group>";
		};
		40177FD6251C910200769BD5 /* nytimesnews */ = {
			isa = PBXGroup;
			children = (
				40177FD7251C910200769BD5 /* AppDelegate.swift */,
				40178024251CAA5800769BD5 /* AppCoordinator.swift */,
				404B89A2251CC3C6008AF0C6 /* Models */,
				404B8990251CBA4C008AF0C6 /* Storage */,
				404B898F251CBA42008AF0C6 /* Networking */,
				40178005251C9A1C00769BD5 /* UI */,
				40177FFF251C95B300769BD5 /* Helpers */,
				40177FFB251C95AD00769BD5 /* Protocols */,
				404B898E251CBA16008AF0C6 /* Resources */,
				40177FE0251C910200769BD5 /* Assets.xcassets */,
				40177FE2251C910200769BD5 /* LaunchScreen.storyboard */,
				40177FE5251C910200769BD5 /* Info.plist */,
			);
			path = nytimesnews;
			sourceTree = "<group>";
		};
		40177FFB251C95AD00769BD5 /* Protocols */ = {
			isa = PBXGroup;
			children = (
				40177FFC251C95AD00769BD5 /* Coordinator.swift */,
				4017801C251CA6AA00769BD5 /* Storyboarded.swift */,
				404B8995251CBE61008AF0C6 /* News.swift */,
			);
			path = Protocols;
			sourceTree = "<group>";
		};
		40177FFF251C95B300769BD5 /* Helpers */ = {
			isa = PBXGroup;
			children = (
				405CB21525206F2B006D23AB /* FlowFactory */,
				404B89BB251CC7B3008AF0C6 /* Closures */,
				404B89B8251CC78D008AF0C6 /* JsonParser.swift */,
				404B8999251CC1E4008AF0C6 /* FavoritesFactory.swift */,
				404B89D2251CD086008AF0C6 /* DateHelper.swift */,
			);
			path = Helpers;
			sourceTree = "<group>";
		};
		40178005251C9A1C00769BD5 /* UI */ = {
			isa = PBXGroup;
			children = (
				4017801B251CA68800769BD5 /* Favorites */,
				404B8978251CB571008AF0C6 /* NewsList */,
				40178006251C9A3600769BD5 /* App */,
				40178007251C9A3B00769BD5 /* Base */,
				40178008251C9A4E00769BD5 /* Main */,
			);
			path = UI;
			sourceTree = "<group>";
		};
		40178006251C9A3600769BD5 /* App */ = {
			isa = PBXGroup;
			children = (
			);
			path = App;
			sourceTree = "<group>";
		};
		40178007251C9A3B00769BD5 /* Base */ = {
			isa = PBXGroup;
			children = (
				403A250B2520839A006EEE6C /* Controller */,
			);
			path = Base;
			sourceTree = "<group>";
		};
		40178008251C9A4E00769BD5 /* Main */ = {
			isa = PBXGroup;
			children = (
				4017800D251CA3E500769BD5 /* Coordinator */,
				4017800C251CA3D900769BD5 /* Presenter */,
				4017800B251CA3CB00769BD5 /* Controller */,
				40178001251C99F000769BD5 /* Tabbar.storyboard */,
			);
			path = Main;
			sourceTree = "<group>";
		};
		4017800B251CA3CB00769BD5 /* Controller */ = {
			isa = PBXGroup;
			children = (
				4017800E251CA40700769BD5 /* TabBarController.swift */,
			);
			path = Controller;
			sourceTree = "<group>";
		};
		4017800C251CA3D900769BD5 /* Presenter */ = {
			isa = PBXGroup;
			children = (
				40178011251CA4A000769BD5 /* TabBarPresenter.swift */,
			);
			path = Presenter;
			sourceTree = "<group>";
		};
		4017800D251CA3E500769BD5 /* Coordinator */ = {
			isa = PBXGroup;
			children = (
				40178014251CA4BA00769BD5 /* MainCoordinator.swift */,
			);
			path = Coordinator;
			sourceTree = "<group>";
		};
		4017801B251CA68800769BD5 /* Favorites */ = {
			isa = PBXGroup;
			children = (
				405CB1FD251E21F7006D23AB /* Presenter */,
				405CB1FC251E21E6006D23AB /* Controller */,
				405CB1FF251E2222006D23AB /* Favorites.storyboard */,
			);
			path = Favorites;
			sourceTree = "<group>";
		};
		403A250B2520839A006EEE6C /* Controller */ = {
			isa = PBXGroup;
			children = (
				403A250C252083A9006EEE6C /* BaseController.swift */,
			);
			path = Controller;
			sourceTree = "<group>";
		};
		404B8978251CB571008AF0C6 /* NewsList */ = {
			isa = PBXGroup;
			children = (
				404B8981251CB607008AF0C6 /* Cell */,
				404B8980251CB600008AF0C6 /* Coordinator */,
				404B897E251CB5F1008AF0C6 /* Presenter */,
				404B897C251CB5E9008AF0C6 /* Controller */,
				404B8979251CB5C1008AF0C6 /* NewsList.storyboard */,
			);
			path = NewsList;
			sourceTree = "<group>";
		};
		404B897C251CB5E9008AF0C6 /* Controller */ = {
			isa = PBXGroup;
			children = (
				404B898B251CB7C3008AF0C6 /* NewsListController.swift */,
				405CB20C251E27C1006D23AB /* NewsDetailedController.swift */,
			);
			path = Controller;
			sourceTree = "<group>";
		};
		404B897E251CB5F1008AF0C6 /* Presenter */ = {
			isa = PBXGroup;
			children = (
				404B8988251CB78F008AF0C6 /* NewsListPresenter.swift */,
				405CB20F251E284A006D23AB /* NewsDetailedPresenter.swift */,
			);
			path = Presenter;
			sourceTree = "<group>";
		};
		404B8980251CB600008AF0C6 /* Coordinator */ = {
			isa = PBXGroup;
			children = (
				404B8985251CB647008AF0C6 /* NewsListCoordinator.swift */,
			);
			path = Coordinator;
			sourceTree = "<group>";
		};
		404B8981251CB607008AF0C6 /* Cell */ = {
			isa = PBXGroup;
			children = (
				404B8982251CB62D008AF0C6 /* NewsCell.swift */,
				405CB209251E2726006D23AB /* NewsCell.xib */,
			);
			path = Cell;
			sourceTree = "<group>";
		};
		404B898E251CBA16008AF0C6 /* Resources */ = {
			isa = PBXGroup;
			children = (
				404B8991251CBA79008AF0C6 /* News.xcdatamodeld */,
			);
			path = Resources;
			sourceTree = "<group>";
		};
		404B898F251CBA42008AF0C6 /* Networking */ = {
			isa = PBXGroup;
			children = (
				404B89C4251CCB0A008AF0C6 /* MostViewed */,
				404B89C3251CCB02008AF0C6 /* MostShared */,
				404B89C2251CCAF8008AF0C6 /* MostEmailed */,
				404B89BF251CC899008AF0C6 /* APIClient.swift */,
				404B89C5251CCB41008AF0C6 /* NewsApi.swift */,
				404B89D5251CD49B008AF0C6 /* ApiParams.swift */,
			);
			path = Networking;
			sourceTree = "<group>";
		};
		404B8990251CBA4C008AF0C6 /* Storage */ = {
			isa = PBXGroup;
			children = (
				404B899C251CC2C9008AF0C6 /* Storage.swift */,
				404B89DC251DC241008AF0C6 /* CoreDataStorage.swift */,
				404B89D9251DC22F008AF0C6 /* Database.swift */,
				404B89DF251DC251008AF0C6 /* DatabaseClient.swift */,
			);
			path = Storage;
			sourceTree = "<group>";
		};
		404B89A2251CC3C6008AF0C6 /* Models */ = {
			isa = PBXGroup;
			children = (
				404B89A3251CC3D1008AF0C6 /* CoreData */,
				404B89AA251CC556008AF0C6 /* NYTNews.swift */,
			);
			path = Models;
			sourceTree = "<group>";
		};
		404B89A3251CC3D1008AF0C6 /* CoreData */ = {
			isa = PBXGroup;
			children = (
				404B89AD251CC5CE008AF0C6 /* Favorite+CoreDataClass.swift */,
				404B89AE251CC5CE008AF0C6 /* Favorite+CoreDataProperties.swift */,
			);
			path = CoreData;
			sourceTree = "<group>";
		};
		404B89BB251CC7B3008AF0C6 /* Closures */ = {
			isa = PBXGroup;
			children = (
				404B89BC251CC81D008AF0C6 /* Closures.swift */,
			);
			path = Closures;
			sourceTree = "<group>";
		};
		404B89C2251CCAF8008AF0C6 /* MostEmailed */ = {
			isa = PBXGroup;
			children = (
				404B89CF251CCC79008AF0C6 /* MostEmailedClient.swift */,
			);
			path = MostEmailed;
			sourceTree = "<group>";
		};
		404B89C3251CCB02008AF0C6 /* MostShared */ = {
			isa = PBXGroup;
			children = (
				404B89CC251CCC6E008AF0C6 /* MostSharedClient.swift */,
			);
			path = MostShared;
			sourceTree = "<group>";
		};
		404B89C4251CCB0A008AF0C6 /* MostViewed */ = {
			isa = PBXGroup;
			children = (
				404B89C9251CCC62008AF0C6 /* MostViewedClient.swift */,
			);
			path = MostViewed;
			sourceTree = "<group>";
		};
		405CB1FC251E21E6006D23AB /* Controller */ = {
			isa = PBXGroup;
			children = (
				405CB202251E2234006D23AB /* FavoritesController.swift */,
			);
			path = Controller;
			sourceTree = "<group>";
		};
		405CB1FD251E21F7006D23AB /* Presenter */ = {
			isa = PBXGroup;
			children = (
				405CB205251E2265006D23AB /* FavoritesPresenter.swift */,
			);
			path = Presenter;
			sourceTree = "<group>";
		};
		405CB21525206F2B006D23AB /* FlowFactory */ = {
			isa = PBXGroup;
			children = (
				405CB21225206C38006D23AB /* MainFlowFactory.swift */,
				403A24FC25207093006EEE6C /* TabBarFlowFactory.swift */,
			);
			path = FlowFactory;
			sourceTree = "<group>";
		};
		6A247752BF7A7B9056CD754E /* Frameworks */ = {
			isa = PBXGroup;
			children = (
				5B053E291C68B53C77C8B5D2 /* libPods-nytimesnews.a */,
			);
			name = Frameworks;
			sourceTree = "<group>";
		};
		6B4210599B769B9F571739C3 /* Pods */ = {
			isa = PBXGroup;
			children = (
				CE872407860B0BB53055AC64 /* Pods-nytimesnews.debug.xcconfig */,
				954D9C9258268B9A2B746085 /* Pods-nytimesnews.release.xcconfig */,
			);
			path = Pods;
			sourceTree = "<group>";
		};
/* End PBXGroup section */

/* Begin PBXNativeTarget section */
		40177FD3251C910200769BD5 /* nytimesnews */ = {
			isa = PBXNativeTarget;
			buildConfigurationList = 40177FE8251C910200769BD5 /* Build configuration list for PBXNativeTarget "nytimesnews" */;
			buildPhases = (
				3EA83859B44E5C0BA6947124 /* [CP] Check Pods Manifest.lock */,
				40177FD0251C910200769BD5 /* Sources */,
				40177FD1251C910200769BD5 /* Frameworks */,
				40177FD2251C910200769BD5 /* Resources */,
			);
			buildRules = (
			);
			dependencies = (
			);
			name = nytimesnews;
			productName = nytimesnews;
			productReference = 40177FD4251C910200769BD5 /* nytimesnews.app */;
			productType = "com.apple.product-type.application";
		};
/* End PBXNativeTarget section */

/* Begin PBXProject section */
		40177FCC251C910200769BD5 /* Project object */ = {
			isa = PBXProject;
			attributes = {
				LastSwiftUpdateCheck = 1200;
				LastUpgradeCheck = 1200;
				TargetAttributes = {
					40177FD3251C910200769BD5 = {
						CreatedOnToolsVersion = 12.0;
					};
				};
			};
			buildConfigurationList = 40177FCF251C910200769BD5 /* Build configuration list for PBXProject "nytimesnews" */;
			compatibilityVersion = "Xcode 9.3";
			developmentRegion = en;
			hasScannedForEncodings = 0;
			knownRegions = (
				en,
				Base,
			);
			mainGroup = 40177FCB251C910200769BD5;
			productRefGroup = 40177FD5251C910200769BD5 /* Products */;
			projectDirPath = "";
			projectRoot = "";
			targets = (
				40177FD3251C910200769BD5 /* nytimesnews */,
			);
		};
/* End PBXProject section */

/* Begin PBXResourcesBuildPhase section */
		40177FD2251C910200769BD5 /* Resources */ = {
			isa = PBXResourcesBuildPhase;
			buildActionMask = 2147483647;
			files = (
				405CB20A251E2726006D23AB /* NewsCell.xib in Resources */,
				40178002251C99F000769BD5 /* Tabbar.storyboard in Resources */,
				40177FE4251C910200769BD5 /* LaunchScreen.storyboard in Resources */,
				40177FE1251C910200769BD5 /* Assets.xcassets in Resources */,
				404B897A251CB5C1008AF0C6 /* NewsList.storyboard in Resources */,
				405CB200251E2222006D23AB /* Favorites.storyboard in Resources */,
			);
			runOnlyForDeploymentPostprocessing = 0;
		};
/* End PBXResourcesBuildPhase section */

/* Begin PBXShellScriptBuildPhase section */
		3EA83859B44E5C0BA6947124 /* [CP] Check Pods Manifest.lock */ = {
			isa = PBXShellScriptBuildPhase;
			buildActionMask = 2147483647;
			files = (
			);
			inputFileListPaths = (
			);
			inputPaths = (
				"${PODS_PODFILE_DIR_PATH}/Podfile.lock",
				"${PODS_ROOT}/Manifest.lock",
			);
			name = "[CP] Check Pods Manifest.lock";
			outputFileListPaths = (
			);
			outputPaths = (
				"$(DERIVED_FILE_DIR)/Pods-nytimesnews-checkManifestLockResult.txt",
			);
			runOnlyForDeploymentPostprocessing = 0;
			shellPath = /bin/sh;
			shellScript = "diff \"${PODS_PODFILE_DIR_PATH}/Podfile.lock\" \"${PODS_ROOT}/Manifest.lock\" > /dev/null\nif [ $? != 0 ] ; then\n    # print error to STDERR\n    echo \"error: The sandbox is not in sync with the Podfile.lock. Run 'pod install' or update your CocoaPods installation.\" >&2\n    exit 1\nfi\n# This output is used by Xcode 'outputs' to avoid re-running this script phase.\necho \"SUCCESS\" > \"${SCRIPT_OUTPUT_FILE_0}\"\n";
			showEnvVarsInLog = 0;
		};
/* End PBXShellScriptBuildPhase section */

/* Begin PBXSourcesBuildPhase section */
		40177FD0251C910200769BD5 /* Sources */ = {
			isa = PBXSourcesBuildPhase;
			buildActionMask = 2147483647;
			files = (
				404B8993251CBA79008AF0C6 /* News.xcdatamodeld in Sources */,
				404B89B0251CC5CE008AF0C6 /* Favorite+CoreDataProperties.swift in Sources */,
				404B89E0251DC251008AF0C6 /* DatabaseClient.swift in Sources */,
				404B898C251CB7C3008AF0C6 /* NewsListController.swift in Sources */,
				40178012251CA4A000769BD5 /* TabBarPresenter.swift in Sources */,
				404B89D3251CD086008AF0C6 /* DateHelper.swift in Sources */,
				404B89DD251DC241008AF0C6 /* CoreDataStorage.swift in Sources */,
				404B89B9251CC78D008AF0C6 /* JsonParser.swift in Sources */,
				4017800F251CA40700769BD5 /* TabBarController.swift in Sources */,
				404B89C6251CCB41008AF0C6 /* NewsApi.swift in Sources */,
				405CB21325206C38006D23AB /* MainFlowFactory.swift in Sources */,
				405CB210251E284A006D23AB /* NewsDetailedPresenter.swift in Sources */,
				404B89D6251CD49B008AF0C6 /* ApiParams.swift in Sources */,
				403A250D252083A9006EEE6C /* BaseController.swift in Sources */,
				404B899D251CC2C9008AF0C6 /* Storage.swift in Sources */,
				404B89AB251CC556008AF0C6 /* NYTNews.swift in Sources */,
				404B8983251CB62D008AF0C6 /* NewsCell.swift in Sources */,
				404B8986251CB647008AF0C6 /* NewsListCoordinator.swift in Sources */,
				40177FD8251C910200769BD5 /* AppDelegate.swift in Sources */,
				405CB206251E2265006D23AB /* FavoritesPresenter.swift in Sources */,
				40178025251CAA5800769BD5 /* AppCoordinator.swift in Sources */,
				405CB20D251E27C1006D23AB /* NewsDetailedController.swift in Sources */,
				404B8996251CBE61008AF0C6 /* News.swift in Sources */,
				403A24FD25207093006EEE6C /* TabBarFlowFactory.swift in Sources */,
				404B89DA251DC22F008AF0C6 /* Database.swift in Sources */,
				40178015251CA4BA00769BD5 /* MainCoordinator.swift in Sources */,
				404B89D0251CCC79008AF0C6 /* MostEmailedClient.swift in Sources */,
				404B899A251CC1E4008AF0C6 /* FavoritesFactory.swift in Sources */,
				40177FFD251C95AD00769BD5 /* Coordinator.swift in Sources */,
				404B89AF251CC5CE008AF0C6 /* Favorite+CoreDataClass.swift in Sources */,
				404B89CA251CCC62008AF0C6 /* MostViewedClient.swift in Sources */,
				4017801D251CA6AA00769BD5 /* Storyboarded.swift in Sources */,
				404B89CD251CCC6E008AF0C6 /* MostSharedClient.swift in Sources */,
				404B8989251CB78F008AF0C6 /* NewsListPresenter.swift in Sources */,
				404B89C0251CC899008AF0C6 /* APIClient.swift in Sources */,
				404B89BD251CC81D008AF0C6 /* Closures.swift in Sources */,
				405CB203251E2234006D23AB /* FavoritesController.swift in Sources */,
			);
			runOnlyForDeploymentPostprocessing = 0;
		};
/* End PBXSourcesBuildPhase section */

/* Begin PBXVariantGroup section */
		40177FE2251C910200769BD5 /* LaunchScreen.storyboard */ = {
			isa = PBXVariantGroup;
			children = (
				40177FE3251C910200769BD5 /* Base */,
			);
			name = LaunchScreen.storyboard;
			sourceTree = "<group>";
		};
/* End PBXVariantGroup section */

/* Begin XCBuildConfiguration section */
		40177FE6251C910200769BD5 /* Debug */ = {
			isa = XCBuildConfiguration;
			buildSettings = {
				ALWAYS_SEARCH_USER_PATHS = NO;
				CLANG_ANALYZER_NONNULL = YES;
				CLANG_ANALYZER_NUMBER_OBJECT_CONVERSION = YES_AGGRESSIVE;
				CLANG_CXX_LANGUAGE_STANDARD = "gnu++14";
				CLANG_CXX_LIBRARY = "libc++";
				CLANG_ENABLE_MODULES = YES;
				CLANG_ENABLE_OBJC_ARC = YES;
				CLANG_ENABLE_OBJC_WEAK = YES;
				CLANG_WARN_BLOCK_CAPTURE_AUTORELEASING = YES;
				CLANG_WARN_BOOL_CONVERSION = YES;
				CLANG_WARN_COMMA = YES;
				CLANG_WARN_CONSTANT_CONVERSION = YES;
				CLANG_WARN_DEPRECATED_OBJC_IMPLEMENTATIONS = YES;
				CLANG_WARN_DIRECT_OBJC_ISA_USAGE = YES_ERROR;
				CLANG_WARN_DOCUMENTATION_COMMENTS = YES;
				CLANG_WARN_EMPTY_BODY = YES;
				CLANG_WARN_ENUM_CONVERSION = YES;
				CLANG_WARN_INFINITE_RECURSION = YES;
				CLANG_WARN_INT_CONVERSION = YES;
				CLANG_WARN_NON_LITERAL_NULL_CONVERSION = YES;
				CLANG_WARN_OBJC_IMPLICIT_RETAIN_SELF = YES;
				CLANG_WARN_OBJC_LITERAL_CONVERSION = YES;
				CLANG_WARN_OBJC_ROOT_CLASS = YES_ERROR;
				CLANG_WARN_QUOTED_INCLUDE_IN_FRAMEWORK_HEADER = YES;
				CLANG_WARN_RANGE_LOOP_ANALYSIS = YES;
				CLANG_WARN_STRICT_PROTOTYPES = YES;
				CLANG_WARN_SUSPICIOUS_MOVE = YES;
				CLANG_WARN_UNGUARDED_AVAILABILITY = YES_AGGRESSIVE;
				CLANG_WARN_UNREACHABLE_CODE = YES;
				CLANG_WARN__DUPLICATE_METHOD_MATCH = YES;
				COPY_PHASE_STRIP = NO;
				DEBUG_INFORMATION_FORMAT = dwarf;
				ENABLE_STRICT_OBJC_MSGSEND = YES;
				ENABLE_TESTABILITY = YES;
				GCC_C_LANGUAGE_STANDARD = gnu11;
				GCC_DYNAMIC_NO_PIC = NO;
				GCC_NO_COMMON_BLOCKS = YES;
				GCC_OPTIMIZATION_LEVEL = 0;
				GCC_PREPROCESSOR_DEFINITIONS = (
					"DEBUG=1",
					"$(inherited)",
				);
				GCC_WARN_64_TO_32_BIT_CONVERSION = YES;
				GCC_WARN_ABOUT_RETURN_TYPE = YES_ERROR;
				GCC_WARN_UNDECLARED_SELECTOR = YES;
				GCC_WARN_UNINITIALIZED_AUTOS = YES_AGGRESSIVE;
				GCC_WARN_UNUSED_FUNCTION = YES;
				GCC_WARN_UNUSED_VARIABLE = YES;
				IPHONEOS_DEPLOYMENT_TARGET = 14.0;
				MTL_ENABLE_DEBUG_INFO = INCLUDE_SOURCE;
				MTL_FAST_MATH = YES;
				ONLY_ACTIVE_ARCH = YES;
				SDKROOT = iphoneos;
				SWIFT_ACTIVE_COMPILATION_CONDITIONS = DEBUG;
				SWIFT_OPTIMIZATION_LEVEL = "-Onone";
			};
			name = Debug;
		};
		40177FE7251C910200769BD5 /* Release */ = {
			isa = XCBuildConfiguration;
			buildSettings = {
				ALWAYS_SEARCH_USER_PATHS = NO;
				CLANG_ANALYZER_NONNULL = YES;
				CLANG_ANALYZER_NUMBER_OBJECT_CONVERSION = YES_AGGRESSIVE;
				CLANG_CXX_LANGUAGE_STANDARD = "gnu++14";
				CLANG_CXX_LIBRARY = "libc++";
				CLANG_ENABLE_MODULES = YES;
				CLANG_ENABLE_OBJC_ARC = YES;
				CLANG_ENABLE_OBJC_WEAK = YES;
				CLANG_WARN_BLOCK_CAPTURE_AUTORELEASING = YES;
				CLANG_WARN_BOOL_CONVERSION = YES;
				CLANG_WARN_COMMA = YES;
				CLANG_WARN_CONSTANT_CONVERSION = YES;
				CLANG_WARN_DEPRECATED_OBJC_IMPLEMENTATIONS = YES;
				CLANG_WARN_DIRECT_OBJC_ISA_USAGE = YES_ERROR;
				CLANG_WARN_DOCUMENTATION_COMMENTS = YES;
				CLANG_WARN_EMPTY_BODY = YES;
				CLANG_WARN_ENUM_CONVERSION = YES;
				CLANG_WARN_INFINITE_RECURSION = YES;
				CLANG_WARN_INT_CONVERSION = YES;
				CLANG_WARN_NON_LITERAL_NULL_CONVERSION = YES;
				CLANG_WARN_OBJC_IMPLICIT_RETAIN_SELF = YES;
				CLANG_WARN_OBJC_LITERAL_CONVERSION = YES;
				CLANG_WARN_OBJC_ROOT_CLASS = YES_ERROR;
				CLANG_WARN_QUOTED_INCLUDE_IN_FRAMEWORK_HEADER = YES;
				CLANG_WARN_RANGE_LOOP_ANALYSIS = YES;
				CLANG_WARN_STRICT_PROTOTYPES = YES;
				CLANG_WARN_SUSPICIOUS_MOVE = YES;
				CLANG_WARN_UNGUARDED_AVAILABILITY = YES_AGGRESSIVE;
				CLANG_WARN_UNREACHABLE_CODE = YES;
				CLANG_WARN__DUPLICATE_METHOD_MATCH = YES;
				COPY_PHASE_STRIP = NO;
				DEBUG_INFORMATION_FORMAT = "dwarf-with-dsym";
				ENABLE_NS_ASSERTIONS = NO;
				ENABLE_STRICT_OBJC_MSGSEND = YES;
				GCC_C_LANGUAGE_STANDARD = gnu11;
				GCC_NO_COMMON_BLOCKS = YES;
				GCC_WARN_64_TO_32_BIT_CONVERSION = YES;
				GCC_WARN_ABOUT_RETURN_TYPE = YES_ERROR;
				GCC_WARN_UNDECLARED_SELECTOR = YES;
				GCC_WARN_UNINITIALIZED_AUTOS = YES_AGGRESSIVE;
				GCC_WARN_UNUSED_FUNCTION = YES;
				GCC_WARN_UNUSED_VARIABLE = YES;
				IPHONEOS_DEPLOYMENT_TARGET = 14.0;
				MTL_ENABLE_DEBUG_INFO = NO;
				MTL_FAST_MATH = YES;
				SDKROOT = iphoneos;
				SWIFT_COMPILATION_MODE = wholemodule;
				SWIFT_OPTIMIZATION_LEVEL = "-O";
				VALIDATE_PRODUCT = YES;
			};
			name = Release;
		};
		40177FE9251C910200769BD5 /* Debug */ = {
			isa = XCBuildConfiguration;
			baseConfigurationReference = CE872407860B0BB53055AC64 /* Pods-nytimesnews.debug.xcconfig */;
			buildSettings = {
				ASSETCATALOG_COMPILER_APPICON_NAME = AppIcon;
				ASSETCATALOG_COMPILER_GLOBAL_ACCENT_COLOR_NAME = AccentColor;
				CODE_SIGN_STYLE = Automatic;
				DEVELOPMENT_TEAM = LK826E5258;
				INFOPLIST_FILE = nytimesnews/Info.plist;
				IPHONEOS_DEPLOYMENT_TARGET = 13.0;
				LD_RUNPATH_SEARCH_PATHS = (
					"$(inherited)",
					"@executable_path/Frameworks",
				);
				PRODUCT_BUNDLE_IDENTIFIER = gf.nytimesnews;
				PRODUCT_NAME = "$(TARGET_NAME)";
				SWIFT_VERSION = 5.0;
				TARGETED_DEVICE_FAMILY = 1;
			};
			name = Debug;
		};
		40177FEA251C910200769BD5 /* Release */ = {
			isa = XCBuildConfiguration;
			baseConfigurationReference = 954D9C9258268B9A2B746085 /* Pods-nytimesnews.release.xcconfig */;
			buildSettings = {
				ASSETCATALOG_COMPILER_APPICON_NAME = AppIcon;
				ASSETCATALOG_COMPILER_GLOBAL_ACCENT_COLOR_NAME = AccentColor;
				CODE_SIGN_STYLE = Automatic;
				DEVELOPMENT_TEAM = LK826E5258;
				INFOPLIST_FILE = nytimesnews/Info.plist;
				IPHONEOS_DEPLOYMENT_TARGET = 13.0;
				LD_RUNPATH_SEARCH_PATHS = (
					"$(inherited)",
					"@executable_path/Frameworks",
				);
				PRODUCT_BUNDLE_IDENTIFIER = gf.nytimesnews;
				PRODUCT_NAME = "$(TARGET_NAME)";
				SWIFT_VERSION = 5.0;
				TARGETED_DEVICE_FAMILY = 1;
			};
			name = Release;
		};
/* End XCBuildConfiguration section */

/* Begin XCConfigurationList section */
		40177FCF251C910200769BD5 /* Build configuration list for PBXProject "nytimesnews" */ = {
			isa = XCConfigurationList;
			buildConfigurations = (
				40177FE6251C910200769BD5 /* Debug */,
				40177FE7251C910200769BD5 /* Release */,
			);
			defaultConfigurationIsVisible = 0;
			defaultConfigurationName = Release;
		};
		40177FE8251C910200769BD5 /* Build configuration list for PBXNativeTarget "nytimesnews" */ = {
			isa = XCConfigurationList;
			buildConfigurations = (
				40177FE9251C910200769BD5 /* Debug */,
				40177FEA251C910200769BD5 /* Release */,
			);
			defaultConfigurationIsVisible = 0;
			defaultConfigurationName = Release;
		};
/* End XCConfigurationList section */

/* Begin XCVersionGroup section */
		404B8991251CBA79008AF0C6 /* News.xcdatamodeld */ = {
			isa = XCVersionGroup;
			children = (
				404B8992251CBA79008AF0C6 /* News.xcdatamodel */,
			);
			currentVersion = 404B8992251CBA79008AF0C6 /* News.xcdatamodel */;
			path = News.xcdatamodeld;
			sourceTree = "<group>";
			versionGroupType = wrapper.xcdatamodel;
		};
/* End XCVersionGroup section */
	};
	rootObject = 40177FCC251C910200769BD5 /* Project object */;
}
